
Microsoft Visual Studio Solution File, Format Version 12.00
# Visual Studio Version 17
VisualStudioVersion = 17.1.32210.238
MinimumVisualStudioVersion = 10.0.40219.1
Project("{9A19103F-16F7-4668-BE54-9A1E7A4F7556}") = "Oqtane.Server", "..\oqtane.framework\Oqtane.Server\Oqtane.Server.csproj", "{4F654965-B0C2-4663-8AE0-0D48CC9895E0}"
EndProject
Project("{9A19103F-16F7-4668-BE54-9A1E7A4F7556}") = "Oqtane.Shared", "..\oqtane.framework\Oqtane.Shared\Oqtane.Shared.csproj", "{4ABC76F4-C186-440D-BD28-9A6721B6ECA4}"
EndProject
Project("{9A19103F-16F7-4668-BE54-9A1E7A4F7556}") = "Oqtane.Client", "..\oqtane.framework\Oqtane.Client\Oqtane.Client.csproj", "{F9DDCE29-CFA2-4F78-B47D-F483D4D736CA}"
EndProject
Project("{9A19103F-16F7-4668-BE54-9A1E7A4F7556}") = "ToSic.Cre8magic.Client", "ToSic.Cre8Magic.Client\ToSic.Cre8magic.Client.csproj", "{46071FC8-7CF2-4062-A0F3-C726EDFB01D6}"
EndProject
Project("{9A19103F-16F7-4668-BE54-9A1E7A4F7556}") = "ToSic.Cre8magic.TestTheme.Client", "ToSic.Cre8magic.TestTheme.Client\ToSic.Cre8magic.TestTheme.Client.csproj", "{6C0E5200-23A6-4BF3-9DE4-87CD4E6294AD}"
EndProject
Project("{2150E333-8FDC-42A3-9474-1A3956D46DE8}") = "Cre8magic Seo", "Cre8magic Seo", "{824EF736-6C32-4362-8CCC-F72737A8361B}"
EndProject
Project("{9A19103F-16F7-4668-BE54-9A1E7A4F7556}") = "ToSic.Cre8magic.Seo.Client", "ToSic.Cre8magic.Seo.Client\ToSic.Cre8magic.Seo.Client.csproj", "{08C0572F-852E-483A-98B6-68414436B413}"
EndProject
Project("{9A19103F-16F7-4668-BE54-9A1E7A4F7556}") = "ToSic.Cre8magic.Seo.Package", "ToSic.Cre8magic.Seo.Package\ToSic.Cre8magic.Seo.Package.csproj", "{54670747-7E30-4006-BC49-E01F8C886302}"
EndProject
Project("{9A19103F-16F7-4668-BE54-9A1E7A4F7556}") = "ToSic.Cre8magic.Seo.Server", "ToSic.Cre8magic.Seo.Server\ToSic.Cre8magic.Seo.Server.csproj", "{D1EB66B0-F9F6-4502-ADE6-481B3ADE379D}"
EndProject
Project("{9A19103F-16F7-4668-BE54-9A1E7A4F7556}") = "ToSic.Cre8magic.Seo.Shared", "ToSic.Cre8magic.Seo.Shared\ToSic.Cre8magic.Seo.Shared.csproj", "{50EEB267-7B9E-4D2E-BACB-C433AFED03C1}"
EndProject
Project("{2150E333-8FDC-42A3-9474-1A3956D46DE8}") = "Cre8magic Test Themes", "Cre8magic Test Themes", "{DB142F1B-C148-4D53-8EFF-BD0C3247E109}"
EndProject
Project("{9A19103F-16F7-4668-BE54-9A1E7A4F7556}") = "ToSic.Theme.Cre8magicTests.Client", "ToSic.Theme.Cre8magicTests\Client\ToSic.Theme.Cre8magicTests.Client.csproj", "{8CADB850-9BFD-4942-9F7E-E549D0B3F76A}"
EndProject
Project("{9A19103F-16F7-4668-BE54-9A1E7A4F7556}") = "ToSic.Theme.Cre8magicTests.Package", "ToSic.Theme.Cre8magicTests\Package\ToSic.Theme.Cre8magicTests.Package.csproj", "{5F95E5FE-8B06-4FE2-9039-9A81593EF49F}"
EndProject
Project("{2150E333-8FDC-42A3-9474-1A3956D46DE8}") = "GeneratePages", "GeneratePages", "{0C0ED938-AC91-42F0-8323-8512FE9F116A}"
	ProjectSection(SolutionItems) = preProject
		ToSic.Module.PageTemplates\README.md = ToSic.Module.PageTemplates\README.md
	EndProjectSection
EndProject
Project("{9A19103F-16F7-4668-BE54-9A1E7A4F7556}") = "ToSic.Module.PageTemplates.Client", "ToSic.Module.PageTemplates\Client\ToSic.Module.PageTemplates.Client.csproj", "{9B03172E-27E2-476F-9831-D6DFDCCA7FD4}"
EndProject
Project("{9A19103F-16F7-4668-BE54-9A1E7A4F7556}") = "ToSic.Module.PageTemplates.Package", "ToSic.Module.PageTemplates\Package\ToSic.Module.PageTemplates.Package.csproj", "{97A42E2D-B397-4BD2-93E2-81F12199E8A0}"
EndProject
Project("{9A19103F-16F7-4668-BE54-9A1E7A4F7556}") = "ToSic.Module.PageTemplates.Server", "ToSic.Module.PageTemplates\Server\ToSic.Module.PageTemplates.Server.csproj", "{C4701B5E-9409-444A-A397-CC13EA9A8CD0}"
EndProject
Project("{9A19103F-16F7-4668-BE54-9A1E7A4F7556}") = "ToSic.Module.PageTemplates.Shared", "ToSic.Module.PageTemplates\Shared\ToSic.Module.PageTemplates.Shared.csproj", "{D477F169-0C7D-4747-99FE-76768D7C1E91}"
EndProject
Project("{2150E333-8FDC-42A3-9474-1A3956D46DE8}") = "Docs", "Docs", "{B8DA868C-EB3F-4824-AE81-1C6705B2B292}"
	ProjectSection(SolutionItems) = preProject
		docs-src\docfx.json = docs-src\docfx.json
	EndProjectSection
EndProject
Project("{2150E333-8FDC-42A3-9474-1A3956D46DE8}") = "Oqtane", "Oqtane", "{4DF7A8D7-C1B7-4D06-A454-A2F2DA2D046D}"
EndProject
Project("{2150E333-8FDC-42A3-9474-1A3956D46DE8}") = "Cre8magic Library", "Cre8magic Library", "{229651EF-A199-44F4-AF93-0D94F97BAC4B}"
EndProject
Project("{2150E333-8FDC-42A3-9474-1A3956D46DE8}") = "Cre8magic Unit Tests", "Cre8magic Unit Tests", "{19BBE93B-F3E7-45A4-B817-A0A6DEC6DAC0}"
EndProject
Project("{9A19103F-16F7-4668-BE54-9A1E7A4F7556}") = "ToSic.Cre8magic.ClientUnitTests", "ToSic.Cre8magic.ClientUnitTests\ToSic.Cre8magic.ClientUnitTests.csproj", "{B3CC4100-4671-47A7-8A73-D4577ADB1415}"
EndProject
Project("{9A19103F-16F7-4668-BE54-9A1E7A4F7556}") = "ToSic.Module.Cre8MagicTests.Client", "ToSic.Module.Cre8magicTests\Client\ToSic.Module.Cre8MagicTests.Client.csproj", "{2102E1AE-1F22-4F60-BA6D-6BD4330AAF8D}"
EndProject
Project("{9A19103F-16F7-4668-BE54-9A1E7A4F7556}") = "ToSic.Module.Cre8MagicTests.Package", "ToSic.Module.Cre8magicTests\Package\ToSic.Module.Cre8MagicTests.Package.csproj", "{55A552D1-8196-4BAB-AA6C-CE6C3AAE71A9}"
EndProject
Project("{9A19103F-16F7-4668-BE54-9A1E7A4F7556}") = "ToSic.Module.Cre8MagicTests.Server", "ToSic.Module.Cre8magicTests\Server\ToSic.Module.Cre8MagicTests.Server.csproj", "{B1A561BD-7358-4C1D-A52A-37347624D7B0}"
EndProject
Project("{9A19103F-16F7-4668-BE54-9A1E7A4F7556}") = "ToSic.Module.Cre8MagicTests.Shared", "ToSic.Module.Cre8magicTests\Shared\ToSic.Module.Cre8MagicTests.Shared.csproj", "{4F215F74-C69A-4581-931A-2F9965D9D5F1}"
EndProject
Project("{2150E333-8FDC-42A3-9474-1A3956D46DE8}") = "Cre8magic Test Module", "Cre8magic Test Module", "{A8171802-47FC-43F5-9DAE-6F1F3A17B223}"
EndProject
Project("{FAE04EC0-301F-11D3-BF4B-00C04F79EFBC}") = "ToSic.Cre8magic.OqtaneBs5.Client", "ToSic.Cre8Magic.OqtaneBs5.Client\ToSic.Cre8magic.OqtaneBs5.Client.csproj", "{C232F295-3FA4-4E9D-AF0F-D3A976721C8B}"
EndProject
Project("{54A90642-561A-4BB1-A94E-469ADEE60C69}") = "ToSic.Cre8magic.StaticWebAssets", "ToSic.Cre8magic.StaticWebAssets\ToSic.Cre8magic.StaticWebAssets.esproj", "{C56CAC46-E0C5-464B-A704-538CF7BCC5DA}"
EndProject
Project("{FAE04EC0-301F-11D3-BF4B-00C04F79EFBC}") = "ToSic.Cre8magic.Package", "ToSic.Cre8magic.Package\ToSic.Cre8magic.Package.csproj", "{8120017E-4A74-4EE4-96B5-95972178BC58}"
EndProject
Project("{FAE04EC0-301F-11D3-BF4B-00C04F79EFBC}") = "ToSic.Theme.Cre8magic1.Client", "ToSic.Theme.Cre8magic1\Client\ToSic.Theme.Cre8magic1.Client.csproj", "{DF80FE03-F650-446A-B38A-00AED049417B}"
EndProject
Project("{FAE04EC0-301F-11D3-BF4B-00C04F79EFBC}") = "ToSic.Theme.Cre8magic1.Package", "ToSic.Theme.Cre8magic1\Package\ToSic.Theme.Cre8magic1.Package.csproj", "{9AC3DF89-D13D-40AC-A02E-774CCCE2D20E}"
EndProject
Project("{FAE04EC0-301F-11D3-BF4B-00C04F79EFBC}") = "ToSic.Theme.Cre8magic2.Client", "ToSic.Theme.Cre8magic2\Client\ToSic.Theme.Cre8magic2.Client.csproj", "{9D5822C1-898F-417C-BB22-8304918A32EC}"
EndProject
Project("{FAE04EC0-301F-11D3-BF4B-00C04F79EFBC}") = "ToSic.Theme.Cre8magic2.Package", "ToSic.Theme.Cre8magic2\Package\ToSic.Theme.Cre8magic2.Package.csproj", "{574BF6D9-4A20-4056-BC4A-FEB84DE016B9}"
EndProject
Project("{FAE04EC0-301F-11D3-BF4B-00C04F79EFBC}") = "ToSic.Theme.Cre8magic3.Client", "ToSic.Theme.Cre8magic3\Client\ToSic.Theme.Cre8magic3.Client.csproj", "{A9ED4B70-350B-48E1-BE13-8254E6DDE3AF}"
EndProject
Project("{FAE04EC0-301F-11D3-BF4B-00C04F79EFBC}") = "ToSic.Theme.Cre8magic3.Package", "ToSic.Theme.Cre8magic3\Package\ToSic.Theme.Cre8magic3.Package.csproj", "{033560D3-63CF-4ADA-B56E-083DB808E40C}"
EndProject
Project("{2150E333-8FDC-42A3-9474-1A3956D46DE8}") = "Cre8Magic Test Themes (Purpose Unclear)", "Cre8Magic Test Themes (Purpose Unclear)", "{02EA681E-C7D8-13C7-8484-4AC65E1B71E8}"
EndProject
Project("{2150E333-8FDC-42A3-9474-1A3956D46DE8}") = "Cre8magic Template Themes (WIP)", "Cre8magic Template Themes (WIP)", "{A0B37254-41AF-4095-A4A1-7E26E5860DF5}"
EndProject
Project("{FAE04EC0-301F-11D3-BF4B-00C04F79EFBC}") = "ToSic.Theme.Cre8magic.StandaloneDemos.Package", "ToSic.Theme.Cre8magic.StandaloneDemos\Package\ToSic.Theme.Cre8magic.StandaloneDemos.Package.csproj", "{254208DC-4122-08E4-B5D8-88D1B20F11BC}"
EndProject
Project("{FAE04EC0-301F-11D3-BF4B-00C04F79EFBC}") = "ToSic.Theme.Cre8magic.StandaloneDemos.Client", "ToSic.Theme.Cre8magic.StandaloneDemos\Client\ToSic.Theme.Cre8magic.StandaloneDemos.Client.csproj", "{0CD54EAF-11B9-C340-04B3-8A8B059C65D6}"
EndProject
Project("{FAE04EC0-301F-11D3-BF4B-00C04F79EFBC}") = "ToSic.Cre8magic.ThemeWithLocalNuGet.Client", "ToSic.Cre8magic.ThemeWithLocalNuGet\Client\ToSic.Cre8magic.ThemeWithLocalNuGet.Client.csproj", "{21C96923-D1B0-1967-DE97-F69E86EADD2E}"
EndProject
Project("{FAE04EC0-301F-11D3-BF4B-00C04F79EFBC}") = "ToSic.Cre8magic.ThemeWithLocalNuGet.Package", "ToSic.Cre8magic.ThemeWithLocalNuGet\Package\ToSic.Cre8magic.ThemeWithLocalNuGet.Package.csproj", "{41AF25F2-B464-F34C-2521-1C53F2479BF6}"
EndProject
Global
	GlobalSection(SolutionConfigurationPlatforms) = preSolution
		Debug|Any CPU = Debug|Any CPU
		Release|Any CPU = Release|Any CPU
	EndGlobalSection
	GlobalSection(ProjectConfigurationPlatforms) = postSolution
		{4F654965-B0C2-4663-8AE0-0D48CC9895E0}.Debug|Any CPU.ActiveCfg = Debug|Any CPU
		{4F654965-B0C2-4663-8AE0-0D48CC9895E0}.Debug|Any CPU.Build.0 = Debug|Any CPU
		{4F654965-B0C2-4663-8AE0-0D48CC9895E0}.Release|Any CPU.ActiveCfg = Release|Any CPU
		{4F654965-B0C2-4663-8AE0-0D48CC9895E0}.Release|Any CPU.Build.0 = Release|Any CPU
		{4ABC76F4-C186-440D-BD28-9A6721B6ECA4}.Debug|Any CPU.ActiveCfg = Debug|Any CPU
		{4ABC76F4-C186-440D-BD28-9A6721B6ECA4}.Debug|Any CPU.Build.0 = Debug|Any CPU
		{4ABC76F4-C186-440D-BD28-9A6721B6ECA4}.Release|Any CPU.ActiveCfg = Release|Any CPU
		{4ABC76F4-C186-440D-BD28-9A6721B6ECA4}.Release|Any CPU.Build.0 = Release|Any CPU
		{F9DDCE29-CFA2-4F78-B47D-F483D4D736CA}.Debug|Any CPU.ActiveCfg = Debug|Any CPU
		{F9DDCE29-CFA2-4F78-B47D-F483D4D736CA}.Debug|Any CPU.Build.0 = Debug|Any CPU
		{F9DDCE29-CFA2-4F78-B47D-F483D4D736CA}.Release|Any CPU.ActiveCfg = Release|Any CPU
		{F9DDCE29-CFA2-4F78-B47D-F483D4D736CA}.Release|Any CPU.Build.0 = Release|Any CPU
		{46071FC8-7CF2-4062-A0F3-C726EDFB01D6}.Debug|Any CPU.ActiveCfg = Debug|Any CPU
		{46071FC8-7CF2-4062-A0F3-C726EDFB01D6}.Debug|Any CPU.Build.0 = Debug|Any CPU
		{46071FC8-7CF2-4062-A0F3-C726EDFB01D6}.Release|Any CPU.ActiveCfg = Release|Any CPU
		{46071FC8-7CF2-4062-A0F3-C726EDFB01D6}.Release|Any CPU.Build.0 = Release|Any CPU
		{6C0E5200-23A6-4BF3-9DE4-87CD4E6294AD}.Debug|Any CPU.ActiveCfg = Debug|Any CPU
		{6C0E5200-23A6-4BF3-9DE4-87CD4E6294AD}.Debug|Any CPU.Build.0 = Debug|Any CPU
		{6C0E5200-23A6-4BF3-9DE4-87CD4E6294AD}.Release|Any CPU.ActiveCfg = Release|Any CPU
		{6C0E5200-23A6-4BF3-9DE4-87CD4E6294AD}.Release|Any CPU.Build.0 = Release|Any CPU
		{08C0572F-852E-483A-98B6-68414436B413}.Debug|Any CPU.ActiveCfg = Debug|Any CPU
		{08C0572F-852E-483A-98B6-68414436B413}.Debug|Any CPU.Build.0 = Debug|Any CPU
		{08C0572F-852E-483A-98B6-68414436B413}.Release|Any CPU.ActiveCfg = Release|Any CPU
		{08C0572F-852E-483A-98B6-68414436B413}.Release|Any CPU.Build.0 = Release|Any CPU
		{54670747-7E30-4006-BC49-E01F8C886302}.Debug|Any CPU.ActiveCfg = Debug|Any CPU
		{54670747-7E30-4006-BC49-E01F8C886302}.Debug|Any CPU.Build.0 = Debug|Any CPU
		{54670747-7E30-4006-BC49-E01F8C886302}.Release|Any CPU.ActiveCfg = Release|Any CPU
		{54670747-7E30-4006-BC49-E01F8C886302}.Release|Any CPU.Build.0 = Release|Any CPU
		{D1EB66B0-F9F6-4502-ADE6-481B3ADE379D}.Debug|Any CPU.ActiveCfg = Debug|Any CPU
		{D1EB66B0-F9F6-4502-ADE6-481B3ADE379D}.Debug|Any CPU.Build.0 = Debug|Any CPU
		{D1EB66B0-F9F6-4502-ADE6-481B3ADE379D}.Release|Any CPU.ActiveCfg = Release|Any CPU
		{D1EB66B0-F9F6-4502-ADE6-481B3ADE379D}.Release|Any CPU.Build.0 = Release|Any CPU
		{50EEB267-7B9E-4D2E-BACB-C433AFED03C1}.Debug|Any CPU.ActiveCfg = Debug|Any CPU
		{50EEB267-7B9E-4D2E-BACB-C433AFED03C1}.Debug|Any CPU.Build.0 = Debug|Any CPU
		{50EEB267-7B9E-4D2E-BACB-C433AFED03C1}.Release|Any CPU.ActiveCfg = Release|Any CPU
		{50EEB267-7B9E-4D2E-BACB-C433AFED03C1}.Release|Any CPU.Build.0 = Release|Any CPU
		{8CADB850-9BFD-4942-9F7E-E549D0B3F76A}.Debug|Any CPU.ActiveCfg = Debug|Any CPU
		{8CADB850-9BFD-4942-9F7E-E549D0B3F76A}.Debug|Any CPU.Build.0 = Debug|Any CPU
		{8CADB850-9BFD-4942-9F7E-E549D0B3F76A}.Release|Any CPU.ActiveCfg = Release|Any CPU
		{8CADB850-9BFD-4942-9F7E-E549D0B3F76A}.Release|Any CPU.Build.0 = Release|Any CPU
		{5F95E5FE-8B06-4FE2-9039-9A81593EF49F}.Debug|Any CPU.ActiveCfg = Debug|Any CPU
		{5F95E5FE-8B06-4FE2-9039-9A81593EF49F}.Debug|Any CPU.Build.0 = Debug|Any CPU
		{5F95E5FE-8B06-4FE2-9039-9A81593EF49F}.Release|Any CPU.ActiveCfg = Release|Any CPU
		{5F95E5FE-8B06-4FE2-9039-9A81593EF49F}.Release|Any CPU.Build.0 = Release|Any CPU
		{9B03172E-27E2-476F-9831-D6DFDCCA7FD4}.Debug|Any CPU.ActiveCfg = Debug|Any CPU
		{9B03172E-27E2-476F-9831-D6DFDCCA7FD4}.Debug|Any CPU.Build.0 = Debug|Any CPU
		{9B03172E-27E2-476F-9831-D6DFDCCA7FD4}.Release|Any CPU.ActiveCfg = Release|Any CPU
		{9B03172E-27E2-476F-9831-D6DFDCCA7FD4}.Release|Any CPU.Build.0 = Release|Any CPU
		{97A42E2D-B397-4BD2-93E2-81F12199E8A0}.Debug|Any CPU.ActiveCfg = Debug|Any CPU
		{97A42E2D-B397-4BD2-93E2-81F12199E8A0}.Debug|Any CPU.Build.0 = Debug|Any CPU
		{97A42E2D-B397-4BD2-93E2-81F12199E8A0}.Release|Any CPU.ActiveCfg = Release|Any CPU
		{97A42E2D-B397-4BD2-93E2-81F12199E8A0}.Release|Any CPU.Build.0 = Release|Any CPU
		{C4701B5E-9409-444A-A397-CC13EA9A8CD0}.Debug|Any CPU.ActiveCfg = Debug|Any CPU
		{C4701B5E-9409-444A-A397-CC13EA9A8CD0}.Debug|Any CPU.Build.0 = Debug|Any CPU
		{C4701B5E-9409-444A-A397-CC13EA9A8CD0}.Release|Any CPU.ActiveCfg = Release|Any CPU
		{C4701B5E-9409-444A-A397-CC13EA9A8CD0}.Release|Any CPU.Build.0 = Release|Any CPU
		{D477F169-0C7D-4747-99FE-76768D7C1E91}.Debug|Any CPU.ActiveCfg = Debug|Any CPU
		{D477F169-0C7D-4747-99FE-76768D7C1E91}.Debug|Any CPU.Build.0 = Debug|Any CPU
		{D477F169-0C7D-4747-99FE-76768D7C1E91}.Release|Any CPU.ActiveCfg = Release|Any CPU
		{D477F169-0C7D-4747-99FE-76768D7C1E91}.Release|Any CPU.Build.0 = Release|Any CPU
		{B3CC4100-4671-47A7-8A73-D4577ADB1415}.Debug|Any CPU.ActiveCfg = Debug|Any CPU
		{B3CC4100-4671-47A7-8A73-D4577ADB1415}.Debug|Any CPU.Build.0 = Debug|Any CPU
		{B3CC4100-4671-47A7-8A73-D4577ADB1415}.Release|Any CPU.ActiveCfg = Release|Any CPU
		{B3CC4100-4671-47A7-8A73-D4577ADB1415}.Release|Any CPU.Build.0 = Release|Any CPU
		{2102E1AE-1F22-4F60-BA6D-6BD4330AAF8D}.Debug|Any CPU.ActiveCfg = Debug|Any CPU
		{2102E1AE-1F22-4F60-BA6D-6BD4330AAF8D}.Debug|Any CPU.Build.0 = Debug|Any CPU
		{2102E1AE-1F22-4F60-BA6D-6BD4330AAF8D}.Release|Any CPU.ActiveCfg = Release|Any CPU
		{2102E1AE-1F22-4F60-BA6D-6BD4330AAF8D}.Release|Any CPU.Build.0 = Release|Any CPU
		{55A552D1-8196-4BAB-AA6C-CE6C3AAE71A9}.Debug|Any CPU.ActiveCfg = Debug|Any CPU
		{55A552D1-8196-4BAB-AA6C-CE6C3AAE71A9}.Debug|Any CPU.Build.0 = Debug|Any CPU
		{55A552D1-8196-4BAB-AA6C-CE6C3AAE71A9}.Release|Any CPU.ActiveCfg = Release|Any CPU
		{55A552D1-8196-4BAB-AA6C-CE6C3AAE71A9}.Release|Any CPU.Build.0 = Release|Any CPU
		{B1A561BD-7358-4C1D-A52A-37347624D7B0}.Debug|Any CPU.ActiveCfg = Debug|Any CPU
		{B1A561BD-7358-4C1D-A52A-37347624D7B0}.Debug|Any CPU.Build.0 = Debug|Any CPU
		{B1A561BD-7358-4C1D-A52A-37347624D7B0}.Release|Any CPU.ActiveCfg = Release|Any CPU
		{B1A561BD-7358-4C1D-A52A-37347624D7B0}.Release|Any CPU.Build.0 = Release|Any CPU
		{4F215F74-C69A-4581-931A-2F9965D9D5F1}.Debug|Any CPU.ActiveCfg = Debug|Any CPU
		{4F215F74-C69A-4581-931A-2F9965D9D5F1}.Debug|Any CPU.Build.0 = Debug|Any CPU
		{4F215F74-C69A-4581-931A-2F9965D9D5F1}.Release|Any CPU.ActiveCfg = Release|Any CPU
		{4F215F74-C69A-4581-931A-2F9965D9D5F1}.Release|Any CPU.Build.0 = Release|Any CPU
		{C232F295-3FA4-4E9D-AF0F-D3A976721C8B}.Debug|Any CPU.ActiveCfg = Debug|Any CPU
		{C232F295-3FA4-4E9D-AF0F-D3A976721C8B}.Debug|Any CPU.Build.0 = Debug|Any CPU
		{C232F295-3FA4-4E9D-AF0F-D3A976721C8B}.Release|Any CPU.ActiveCfg = Release|Any CPU
		{C232F295-3FA4-4E9D-AF0F-D3A976721C8B}.Release|Any CPU.Build.0 = Release|Any CPU
		{C56CAC46-E0C5-464B-A704-538CF7BCC5DA}.Debug|Any CPU.ActiveCfg = Debug|Any CPU
		{C56CAC46-E0C5-464B-A704-538CF7BCC5DA}.Debug|Any CPU.Build.0 = Debug|Any CPU
		{C56CAC46-E0C5-464B-A704-538CF7BCC5DA}.Debug|Any CPU.Deploy.0 = Debug|Any CPU
		{C56CAC46-E0C5-464B-A704-538CF7BCC5DA}.Release|Any CPU.ActiveCfg = Release|Any CPU
		{C56CAC46-E0C5-464B-A704-538CF7BCC5DA}.Release|Any CPU.Build.0 = Release|Any CPU
		{C56CAC46-E0C5-464B-A704-538CF7BCC5DA}.Release|Any CPU.Deploy.0 = Release|Any CPU
		{8120017E-4A74-4EE4-96B5-95972178BC58}.Debug|Any CPU.ActiveCfg = Debug|Any CPU
		{8120017E-4A74-4EE4-96B5-95972178BC58}.Debug|Any CPU.Build.0 = Debug|Any CPU
		{8120017E-4A74-4EE4-96B5-95972178BC58}.Release|Any CPU.ActiveCfg = Release|Any CPU
		{8120017E-4A74-4EE4-96B5-95972178BC58}.Release|Any CPU.Build.0 = Release|Any CPU
		{DF80FE03-F650-446A-B38A-00AED049417B}.Debug|Any CPU.ActiveCfg = Debug|Any CPU
		{DF80FE03-F650-446A-B38A-00AED049417B}.Debug|Any CPU.Build.0 = Debug|Any CPU
		{DF80FE03-F650-446A-B38A-00AED049417B}.Release|Any CPU.ActiveCfg = Release|Any CPU
		{DF80FE03-F650-446A-B38A-00AED049417B}.Release|Any CPU.Build.0 = Release|Any CPU
		{9AC3DF89-D13D-40AC-A02E-774CCCE2D20E}.Debug|Any CPU.ActiveCfg = Debug|Any CPU
		{9AC3DF89-D13D-40AC-A02E-774CCCE2D20E}.Debug|Any CPU.Build.0 = Debug|Any CPU
		{9AC3DF89-D13D-40AC-A02E-774CCCE2D20E}.Release|Any CPU.ActiveCfg = Release|Any CPU
		{9AC3DF89-D13D-40AC-A02E-774CCCE2D20E}.Release|Any CPU.Build.0 = Release|Any CPU
		{9D5822C1-898F-417C-BB22-8304918A32EC}.Debug|Any CPU.ActiveCfg = Debug|Any CPU
		{9D5822C1-898F-417C-BB22-8304918A32EC}.Debug|Any CPU.Build.0 = Debug|Any CPU
		{9D5822C1-898F-417C-BB22-8304918A32EC}.Release|Any CPU.ActiveCfg = Release|Any CPU
		{9D5822C1-898F-417C-BB22-8304918A32EC}.Release|Any CPU.Build.0 = Release|Any CPU
		{574BF6D9-4A20-4056-BC4A-FEB84DE016B9}.Debug|Any CPU.ActiveCfg = Debug|Any CPU
		{574BF6D9-4A20-4056-BC4A-FEB84DE016B9}.Debug|Any CPU.Build.0 = Debug|Any CPU
		{574BF6D9-4A20-4056-BC4A-FEB84DE016B9}.Release|Any CPU.ActiveCfg = Release|Any CPU
		{574BF6D9-4A20-4056-BC4A-FEB84DE016B9}.Release|Any CPU.Build.0 = Release|Any CPU
		{A9ED4B70-350B-48E1-BE13-8254E6DDE3AF}.Debug|Any CPU.ActiveCfg = Debug|Any CPU
		{A9ED4B70-350B-48E1-BE13-8254E6DDE3AF}.Debug|Any CPU.Build.0 = Debug|Any CPU
		{A9ED4B70-350B-48E1-BE13-8254E6DDE3AF}.Release|Any CPU.ActiveCfg = Release|Any CPU
		{A9ED4B70-350B-48E1-BE13-8254E6DDE3AF}.Release|Any CPU.Build.0 = Release|Any CPU
		{033560D3-63CF-4ADA-B56E-083DB808E40C}.Debug|Any CPU.ActiveCfg = Debug|Any CPU
		{033560D3-63CF-4ADA-B56E-083DB808E40C}.Debug|Any CPU.Build.0 = Debug|Any CPU
		{033560D3-63CF-4ADA-B56E-083DB808E40C}.Release|Any CPU.ActiveCfg = Release|Any CPU
		{033560D3-63CF-4ADA-B56E-083DB808E40C}.Release|Any CPU.Build.0 = Release|Any CPU
		{254208DC-4122-08E4-B5D8-88D1B20F11BC}.Debug|Any CPU.ActiveCfg = Debug|Any CPU
		{254208DC-4122-08E4-B5D8-88D1B20F11BC}.Debug|Any CPU.Build.0 = Debug|Any CPU
		{254208DC-4122-08E4-B5D8-88D1B20F11BC}.Release|Any CPU.ActiveCfg = Release|Any CPU
		{254208DC-4122-08E4-B5D8-88D1B20F11BC}.Release|Any CPU.Build.0 = Release|Any CPU
		{0CD54EAF-11B9-C340-04B3-8A8B059C65D6}.Debug|Any CPU.ActiveCfg = Debug|Any CPU
		{0CD54EAF-11B9-C340-04B3-8A8B059C65D6}.Debug|Any CPU.Build.0 = Debug|Any CPU
		{0CD54EAF-11B9-C340-04B3-8A8B059C65D6}.Release|Any CPU.ActiveCfg = Release|Any CPU
		{0CD54EAF-11B9-C340-04B3-8A8B059C65D6}.Release|Any CPU.Build.0 = Release|Any CPU
		{21C96923-D1B0-1967-DE97-F69E86EADD2E}.Debug|Any CPU.ActiveCfg = Debug|Any CPU
		{21C96923-D1B0-1967-DE97-F69E86EADD2E}.Debug|Any CPU.Build.0 = Debug|Any CPU
		{21C96923-D1B0-1967-DE97-F69E86EADD2E}.Release|Any CPU.ActiveCfg = Release|Any CPU
		{21C96923-D1B0-1967-DE97-F69E86EADD2E}.Release|Any CPU.Build.0 = Release|Any CPU
		{41AF25F2-B464-F34C-2521-1C53F2479BF6}.Debug|Any CPU.ActiveCfg = Debug|Any CPU
		{41AF25F2-B464-F34C-2521-1C53F2479BF6}.Debug|Any CPU.Build.0 = Debug|Any CPU
		{41AF25F2-B464-F34C-2521-1C53F2479BF6}.Release|Any CPU.ActiveCfg = Release|Any CPU
		{41AF25F2-B464-F34C-2521-1C53F2479BF6}.Release|Any CPU.Build.0 = Release|Any CPU
	EndGlobalSection
	GlobalSection(SolutionProperties) = preSolution
		HideSolutionNode = FALSE
	EndGlobalSection
	GlobalSection(NestedProjects) = preSolution
		{4F654965-B0C2-4663-8AE0-0D48CC9895E0} = {4DF7A8D7-C1B7-4D06-A454-A2F2DA2D046D}
		{4ABC76F4-C186-440D-BD28-9A6721B6ECA4} = {4DF7A8D7-C1B7-4D06-A454-A2F2DA2D046D}
		{F9DDCE29-CFA2-4F78-B47D-F483D4D736CA} = {4DF7A8D7-C1B7-4D06-A454-A2F2DA2D046D}
		{46071FC8-7CF2-4062-A0F3-C726EDFB01D6} = {229651EF-A199-44F4-AF93-0D94F97BAC4B}
		{6C0E5200-23A6-4BF3-9DE4-87CD4E6294AD} = {DB142F1B-C148-4D53-8EFF-BD0C3247E109}
		{08C0572F-852E-483A-98B6-68414436B413} = {824EF736-6C32-4362-8CCC-F72737A8361B}
		{54670747-7E30-4006-BC49-E01F8C886302} = {824EF736-6C32-4362-8CCC-F72737A8361B}
		{D1EB66B0-F9F6-4502-ADE6-481B3ADE379D} = {824EF736-6C32-4362-8CCC-F72737A8361B}
		{50EEB267-7B9E-4D2E-BACB-C433AFED03C1} = {824EF736-6C32-4362-8CCC-F72737A8361B}
		{8CADB850-9BFD-4942-9F7E-E549D0B3F76A} = {02EA681E-C7D8-13C7-8484-4AC65E1B71E8}
		{5F95E5FE-8B06-4FE2-9039-9A81593EF49F} = {02EA681E-C7D8-13C7-8484-4AC65E1B71E8}
		{9B03172E-27E2-476F-9831-D6DFDCCA7FD4} = {0C0ED938-AC91-42F0-8323-8512FE9F116A}
		{97A42E2D-B397-4BD2-93E2-81F12199E8A0} = {0C0ED938-AC91-42F0-8323-8512FE9F116A}
		{C4701B5E-9409-444A-A397-CC13EA9A8CD0} = {0C0ED938-AC91-42F0-8323-8512FE9F116A}
		{D477F169-0C7D-4747-99FE-76768D7C1E91} = {0C0ED938-AC91-42F0-8323-8512FE9F116A}
		{B3CC4100-4671-47A7-8A73-D4577ADB1415} = {19BBE93B-F3E7-45A4-B817-A0A6DEC6DAC0}
		{2102E1AE-1F22-4F60-BA6D-6BD4330AAF8D} = {A8171802-47FC-43F5-9DAE-6F1F3A17B223}
		{55A552D1-8196-4BAB-AA6C-CE6C3AAE71A9} = {A8171802-47FC-43F5-9DAE-6F1F3A17B223}
		{B1A561BD-7358-4C1D-A52A-37347624D7B0} = {A8171802-47FC-43F5-9DAE-6F1F3A17B223}
		{4F215F74-C69A-4581-931A-2F9965D9D5F1} = {A8171802-47FC-43F5-9DAE-6F1F3A17B223}
		{C232F295-3FA4-4E9D-AF0F-D3A976721C8B} = {229651EF-A199-44F4-AF93-0D94F97BAC4B}
		{C56CAC46-E0C5-464B-A704-538CF7BCC5DA} = {229651EF-A199-44F4-AF93-0D94F97BAC4B}
		{8120017E-4A74-4EE4-96B5-95972178BC58} = {229651EF-A199-44F4-AF93-0D94F97BAC4B}
		{DF80FE03-F650-446A-B38A-00AED049417B} = {02EA681E-C7D8-13C7-8484-4AC65E1B71E8}
		{9AC3DF89-D13D-40AC-A02E-774CCCE2D20E} = {02EA681E-C7D8-13C7-8484-4AC65E1B71E8}
		{9D5822C1-898F-417C-BB22-8304918A32EC} = {02EA681E-C7D8-13C7-8484-4AC65E1B71E8}
		{574BF6D9-4A20-4056-BC4A-FEB84DE016B9} = {02EA681E-C7D8-13C7-8484-4AC65E1B71E8}
		{A9ED4B70-350B-48E1-BE13-8254E6DDE3AF} = {02EA681E-C7D8-13C7-8484-4AC65E1B71E8}
		{033560D3-63CF-4ADA-B56E-083DB808E40C} = {02EA681E-C7D8-13C7-8484-4AC65E1B71E8}
		{254208DC-4122-08E4-B5D8-88D1B20F11BC} = {DB142F1B-C148-4D53-8EFF-BD0C3247E109}
		{0CD54EAF-11B9-C340-04B3-8A8B059C65D6} = {DB142F1B-C148-4D53-8EFF-BD0C3247E109}
		{21C96923-D1B0-1967-DE97-F69E86EADD2E} = {DB142F1B-C148-4D53-8EFF-BD0C3247E109}
		{41AF25F2-B464-F34C-2521-1C53F2479BF6} = {DB142F1B-C148-4D53-8EFF-BD0C3247E109}
	EndGlobalSection
	GlobalSection(ExtensibilityGlobals) = postSolution
		SolutionGuid = {1D016F15-46FE-4726-8DFD-2E4FD4DC7668}
	EndGlobalSection
EndGlobal
