Microsoft Visual Studio Solution File, Format Version 12.00
# Visual Studio Version 17
VisualStudioVersion = 17.5.2.0
MinimumVisualStudioVersion = 10.0.40219.1
Project("{FAE04EC0-301F-11D3-BF4B-00C04F79EFBC}") = "ToSic.Cre8magic.TestTheme.Client", "ToSic.Cre8magic.TestTheme.Client.csproj", "{18D5EC1A-67A4-FA39-B62C-59A9F97047FA}"
EndProject
Global
	GlobalSection(SolutionConfigurationPlatforms) = preSolution
		Debug|Any CPU = Debug|Any CPU
		Release|Any CPU = Release|Any CPU
	EndGlobalSection
	GlobalSection(ProjectConfigurationPlatforms) = postSolution
		{18D5EC1A-67A4-FA39-B62C-59A9F97047FA}.Debug|Any CPU.ActiveCfg = Debug|Any CPU
		{18D5EC1A-67A4-FA39-B62C-59A9F97047FA}.Debug|Any CPU.Build.0 = Debug|Any CPU
		{18D5EC1A-67A4-FA39-B62C-59A9F97047FA}.Release|Any CPU.ActiveCfg = Release|Any CPU
		{18D5EC1A-67A4-FA39-B62C-59A9F97047FA}.Release|Any CPU.Build.0 = Release|Any CPU
	EndGlobalSection
	GlobalSection(SolutionProperties) = preSolution
		HideSolutionNode = FALSE
	EndGlobalSection
	GlobalSection(ExtensibilityGlobals) = postSolution
		SolutionGuid = {B1C6FE24-96B2-404B-AA06-7DD33A61BD60}
	EndGlobalSection
EndGlobal
